{
  "pins" : [
    {
      "identity" : "alamofire",
      "kind" : "remoteSourceControl",
      "location" : "https://github.com/Alamofire/Alamofire.git",
      "state" : {
        "revision" : "bc268c28fb170f494de9e9927c371b8342979ece",
        "version" : "5.7.1"
      }
    },
    {
      "identity" : "swiftkeychainwrapper",
      "kind" : "remoteSourceControl",
      "location" : "https://github.com/jrendel/SwiftKeychainWrapper",
      "state" : {
        "revision" : "185a3165346a03767101c4f62e9a545a0fe0530f",
        "version" : "4.0.1"
      }
    },
    {
      "identity" : "swiftuiformvalidator",
      "kind" : "remoteSourceControl",
      "location" : "https://github.com/Open-Bytes/SwiftUIFormValidator.git",
      "state" : {
        "revision" : "9124905d89239861261ea6f62c07db43e400f8d1",
        "version" : "1.0.2"
      }
    },
    {
      "identity" : "uipilot",
      "kind" : "remoteSourceControl",
      "location" : "https://github.com/canopas/UIPilot.git",
      "state" : {
        "revision" : "33b8123dd1e68d861d0cfce27879d5ff1755fd21",
        "version" : "2.0.2"
      }
    }
  ],
  "version" : 2
}
