// !$*UTF8*$!
{
	archiveVersion = 1;
	classes = {
	};
	objectVersion = 56;
	objects = {

/* Begin PBXBuildFile section */
		E154DD222A1FB9CD002C23A0 /* RootDetalheView.swift in Sources */ = {isa = PBXBuildFile; fileRef = E154DD212A1FB9CD002C23A0 /* RootDetalheView.swift */; };
		E193006A2A1838F9009C7879 /* BackGroundColors.xcassets in Resources */ = {isa = PBXBuildFile; fileRef = E19300692A1838F9009C7879 /* BackGroundColors.xcassets */; };
		E193006F2A1A74BA009C7879 /* AbastecimentoListaScreen.swift in Sources */ = {isa = PBXBuildFile; fileRef = E193006E2A1A74BA009C7879 /* AbastecimentoListaScreen.swift */; };
		E19300722A1AD987009C7879 /* AbastecimentoModel.swift in Sources */ = {isa = PBXBuildFile; fileRef = E19300712A1AD987009C7879 /* AbastecimentoModel.swift */; };
		E19300752A1ADD9C009C7879 /* AbastecimentoViewModel.swift in Sources */ = {isa = PBXBuildFile; fileRef = E19300742A1ADD9C009C7879 /* AbastecimentoViewModel.swift */; };
		E19300772A1ADF9A009C7879 /* AbastecimentoListaDetalheView.swift in Sources */ = {isa = PBXBuildFile; fileRef = E19300762A1ADF9A009C7879 /* AbastecimentoListaDetalheView.swift */; };
		E193007C2A1AE6C8009C7879 /* StringExtension.swift in Sources */ = {isa = PBXBuildFile; fileRef = E193007B2A1AE6C8009C7879 /* StringExtension.swift */; };
		E19300822A1C2C49009C7879 /* PostoModel.swift in Sources */ = {isa = PBXBuildFile; fileRef = E19300812A1C2C49009C7879 /* PostoModel.swift */; };
		E19300842A1C2DC3009C7879 /* PerfilModel.swift in Sources */ = {isa = PBXBuildFile; fileRef = E19300832A1C2DC3009C7879 /* PerfilModel.swift */; };
		E19300882A1C3BC4009C7879 /* CadastrosScreen.swift in Sources */ = {isa = PBXBuildFile; fileRef = E19300872A1C3BC4009C7879 /* CadastrosScreen.swift */; };
		E193008B2A1C3C96009C7879 /* CadastroDetalheView.swift in Sources */ = {isa = PBXBuildFile; fileRef = E193008A2A1C3C96009C7879 /* CadastroDetalheView.swift */; };
		E19300902A1C4AA5009C7879 /* PerfilScreen.swift in Sources */ = {isa = PBXBuildFile; fileRef = E193008F2A1C4AA5009C7879 /* PerfilScreen.swift */; };
		E19300922A1C4AC7009C7879 /* ListaPerfilDetalheView.swift in Sources */ = {isa = PBXBuildFile; fileRef = E19300912A1C4AC7009C7879 /* ListaPerfilDetalheView.swift */; };
		E19300942A1C4AE0009C7879 /* PerfilViewModel.swift in Sources */ = {isa = PBXBuildFile; fileRef = E19300932A1C4AE0009C7879 /* PerfilViewModel.swift */; };
		E19300972A1D9160009C7879 /* DatabaseManager.swift in Sources */ = {isa = PBXBuildFile; fileRef = E19300962A1D9160009C7879 /* DatabaseManager.swift */; };
		E193009A2A1EEE35009C7879 /* PostoViewModel.swift in Sources */ = {isa = PBXBuildFile; fileRef = E19300992A1EEE35009C7879 /* PostoViewModel.swift */; };
		E193009C2A225980009C7879 /* AbastecimentoScreen.swift in Sources */ = {isa = PBXBuildFile; fileRef = E193009B2A225980009C7879 /* AbastecimentoScreen.swift */; };
		E1B58D182A2575D800322852 /* ServicoListaScreen.swift in Sources */ = {isa = PBXBuildFile; fileRef = E1B58D172A2575D800322852 /* ServicoListaScreen.swift */; };
		E1B58D1C2A257CEB00322852 /* RelatorioListaScreen.swift in Sources */ = {isa = PBXBuildFile; fileRef = E1B58D1B2A257CEB00322852 /* RelatorioListaScreen.swift */; };
		E1B58D202A257E9D00322852 /* AlertaListaScreen.swift in Sources */ = {isa = PBXBuildFile; fileRef = E1B58D1F2A257E9D00322852 /* AlertaListaScreen.swift */; };
		E1BDC6122A0DA79F00F71A08 /* ProjetoJettaApp.swift in Sources */ = {isa = PBXBuildFile; fileRef = E1BDC6112A0DA79F00F71A08 /* ProjetoJettaApp.swift */; };
		E1BDC6162A0DA7A000F71A08 /* AppIcon.xcassets in Resources */ = {isa = PBXBuildFile; fileRef = E1BDC6152A0DA7A000F71A08 /* AppIcon.xcassets */; };
		E1BDC6192A0DA7A000F71A08 /* Preview Assets.xcassets in Resources */ = {isa = PBXBuildFile; fileRef = E1BDC6182A0DA7A000F71A08 /* Preview Assets.xcassets */; };
		E1BDC6242A0DAACD00F71A08 /* .swiftlint.yml in Resources */ = {isa = PBXBuildFile; fileRef = E1BDC6232A0DAACD00F71A08 /* .swiftlint.yml */; };
		E1BDC6282A0DAEE400F71A08 /* Localizable.strings in Resources */ = {isa = PBXBuildFile; fileRef = E1BDC62A2A0DAEE400F71A08 /* Localizable.strings */; };
		E1BDC62E2A0DB1A300F71A08 /* UIPilot in Frameworks */ = {isa = PBXBuildFile; productRef = E1BDC62D2A0DB1A300F71A08 /* UIPilot */; };
		E1BDC6322A0DB28700F71A08 /* AppRoute.swift in Sources */ = {isa = PBXBuildFile; fileRef = E1BDC6312A0DB28700F71A08 /* AppRoute.swift */; };
		E1BDC6362A0DB32E00F71A08 /* RootScreen.swift in Sources */ = {isa = PBXBuildFile; fileRef = E1BDC6352A0DB32E00F71A08 /* RootScreen.swift */; };
		E1BDC6392A0DB3CC00F71A08 /* HomeScreen.swift in Sources */ = {isa = PBXBuildFile; fileRef = E1BDC6382A0DB3CC00F71A08 /* HomeScreen.swift */; };
		E1BDC63C2A0DB46A00F71A08 /* Collections.swift in Sources */ = {isa = PBXBuildFile; fileRef = E1BDC63B2A0DB46A00F71A08 /* Collections.swift */; };
		E1BDC63E2A0DB5F300F71A08 /* DetalheMenuView.swift in Sources */ = {isa = PBXBuildFile; fileRef = E1BDC63D2A0DB5F300F71A08 /* DetalheMenuView.swift */; };
		E1BDC6412A0DB6B900F71A08 /* HeaderHamburguerView.swift in Sources */ = {isa = PBXBuildFile; fileRef = E1BDC6402A0DB6B900F71A08 /* HeaderHamburguerView.swift */; };
		E1BDC64B2A0EF5D600F71A08 /* SideBarMenuView.swift in Sources */ = {isa = PBXBuildFile; fileRef = E1BDC64A2A0EF5D600F71A08 /* SideBarMenuView.swift */; };
		E1BDC6532A0FDFAD00F71A08 /* AppThemeViewModifier.swift in Sources */ = {isa = PBXBuildFile; fileRef = E1BDC6522A0FDFAD00F71A08 /* AppThemeViewModifier.swift */; };
		E1BDC6562A1125B200F71A08 /* Realm in Frameworks */ = {isa = PBXBuildFile; productRef = E1BDC6552A1125B200F71A08 /* Realm */; };
		E1BDC6582A1125B200F71A08 /* RealmSwift in Frameworks */ = {isa = PBXBuildFile; productRef = E1BDC6572A1125B200F71A08 /* RealmSwift */; };
		E1BDC65C2A1129C400F71A08 /* VeiculoModel.swift in Sources */ = {isa = PBXBuildFile; fileRef = E1BDC65B2A1129C400F71A08 /* VeiculoModel.swift */; };
		E1BDC65F2A1193E700F71A08 /* VeiculoViewModel.swift in Sources */ = {isa = PBXBuildFile; fileRef = E1BDC65E2A1193E700F71A08 /* VeiculoViewModel.swift */; };
		E1BDC6622A119F6F00F71A08 /* ListaVeiculoDetalheView.swift in Sources */ = {isa = PBXBuildFile; fileRef = E1BDC6612A119F6F00F71A08 /* ListaVeiculoDetalheView.swift */; };
		E1BDC6642A11A01500F71A08 /* VeiculoAction.swift in Sources */ = {isa = PBXBuildFile; fileRef = E1BDC6632A11A01500F71A08 /* VeiculoAction.swift */; };
		E1BDC6682A12FDD200F71A08 /* RealmConfig.swift in Sources */ = {isa = PBXBuildFile; fileRef = E1BDC6672A12FDD200F71A08 /* RealmConfig.swift */; };
		E1BDC66A2A144DF300F71A08 /* RealmMigrator.swift in Sources */ = {isa = PBXBuildFile; fileRef = E1BDC6692A144DF300F71A08 /* RealmMigrator.swift */; };
		E1BDC66D2A14506100F71A08 /* AppState.swift in Sources */ = {isa = PBXBuildFile; fileRef = E1BDC66C2A14506100F71A08 /* AppState.swift */; };
		E1BDC6702A14537A00F71A08 /* RealmUserModel.swift in Sources */ = {isa = PBXBuildFile; fileRef = E1BDC66F2A14537A00F71A08 /* RealmUserModel.swift */; };
		E1BDC6722A1458B500F71A08 /* VeiculoListaScreen.swift in Sources */ = {isa = PBXBuildFile; fileRef = E1BDC6712A1458B500F71A08 /* VeiculoListaScreen.swift */; };
		E1BDC6752A16E79F00F71A08 /* FormValidator in Frameworks */ = {isa = PBXBuildFile; productRef = E1BDC6742A16E79F00F71A08 /* FormValidator */; };
		E1DF6ABC2A1D202F0028A8FA /* TesteView.swift in Sources */ = {isa = PBXBuildFile; fileRef = E1DF6ABB2A1D202F0028A8FA /* TesteView.swift */; };
		E1DF6ABF2A1D23E30028A8FA /* PostoListaScreen.swift in Sources */ = {isa = PBXBuildFile; fileRef = E1DF6ABE2A1D23E30028A8FA /* PostoListaScreen.swift */; };
		E1DF6AC22A1D2BB70028A8FA /* ListaDetalhePostoView.swift in Sources */ = {isa = PBXBuildFile; fileRef = E1DF6AC12A1D2BB70028A8FA /* ListaDetalhePostoView.swift */; };
		E1DF6AC42A1D41A70028A8FA /* PostoScreen.swift in Sources */ = {isa = PBXBuildFile; fileRef = E1DF6AC32A1D41A70028A8FA /* PostoScreen.swift */; };
		E1F8577E2A0E79A500D31CD4 /* SettingsView.swift in Sources */ = {isa = PBXBuildFile; fileRef = E1F8577D2A0E79A500D31CD4 /* SettingsView.swift */; };
		E1F857832A0EAD6900D31CD4 /* HeaderView.swift in Sources */ = {isa = PBXBuildFile; fileRef = E1F857822A0EAD6900D31CD4 /* HeaderView.swift */; };
		E1F857862A0ED48E00D31CD4 /* VeiculoScreen.swift in Sources */ = {isa = PBXBuildFile; fileRef = E1F857852A0ED48E00D31CD4 /* VeiculoScreen.swift */; };
/* End PBXBuildFile section */

/* Begin PBXFileReference section */
		E154DD212A1FB9CD002C23A0 /* RootDetalheView.swift */ = {isa = PBXFileReference; lastKnownFileType = sourcecode.swift; path = RootDetalheView.swift; sourceTree = "<group>"; };
		E19300692A1838F9009C7879 /* BackGroundColors.xcassets */ = {isa = PBXFileReference; lastKnownFileType = folder.assetcatalog; path = BackGroundColors.xcassets; sourceTree = "<group>"; };
		E193006E2A1A74BA009C7879 /* AbastecimentoListaScreen.swift */ = {isa = PBXFileReference; lastKnownFileType = sourcecode.swift; path = AbastecimentoListaScreen.swift; sourceTree = "<group>"; };
		E19300712A1AD987009C7879 /* AbastecimentoModel.swift */ = {isa = PBXFileReference; lastKnownFileType = sourcecode.swift; path = AbastecimentoModel.swift; sourceTree = "<group>"; };
		E19300742A1ADD9C009C7879 /* AbastecimentoViewModel.swift */ = {isa = PBXFileReference; lastKnownFileType = sourcecode.swift; path = AbastecimentoViewModel.swift; sourceTree = "<group>"; };
		E19300762A1ADF9A009C7879 /* AbastecimentoListaDetalheView.swift */ = {isa = PBXFileReference; lastKnownFileType = sourcecode.swift; path = AbastecimentoListaDetalheView.swift; sourceTree = "<group>"; };
		E193007B2A1AE6C8009C7879 /* StringExtension.swift */ = {isa = PBXFileReference; lastKnownFileType = sourcecode.swift; path = StringExtension.swift; sourceTree = "<group>"; };
		E19300812A1C2C49009C7879 /* PostoModel.swift */ = {isa = PBXFileReference; lastKnownFileType = sourcecode.swift; path = PostoModel.swift; sourceTree = "<group>"; };
		E19300832A1C2DC3009C7879 /* PerfilModel.swift */ = {isa = PBXFileReference; lastKnownFileType = sourcecode.swift; path = PerfilModel.swift; sourceTree = "<group>"; };
		E19300872A1C3BC4009C7879 /* CadastrosScreen.swift */ = {isa = PBXFileReference; lastKnownFileType = sourcecode.swift; path = CadastrosScreen.swift; sourceTree = "<group>"; };
		E193008A2A1C3C96009C7879 /* CadastroDetalheView.swift */ = {isa = PBXFileReference; lastKnownFileType = sourcecode.swift; path = CadastroDetalheView.swift; sourceTree = "<group>"; };
		E193008F2A1C4AA5009C7879 /* PerfilScreen.swift */ = {isa = PBXFileReference; lastKnownFileType = sourcecode.swift; path = PerfilScreen.swift; sourceTree = "<group>"; };
		E19300912A1C4AC7009C7879 /* ListaPerfilDetalheView.swift */ = {isa = PBXFileReference; lastKnownFileType = sourcecode.swift; path = ListaPerfilDetalheView.swift; sourceTree = "<group>"; };
		E19300932A1C4AE0009C7879 /* PerfilViewModel.swift */ = {isa = PBXFileReference; lastKnownFileType = sourcecode.swift; path = PerfilViewModel.swift; sourceTree = "<group>"; };
		E19300962A1D9160009C7879 /* DatabaseManager.swift */ = {isa = PBXFileReference; lastKnownFileType = sourcecode.swift; path = DatabaseManager.swift; sourceTree = "<group>"; };
		E19300992A1EEE35009C7879 /* PostoViewModel.swift */ = {isa = PBXFileReference; lastKnownFileType = sourcecode.swift; path = PostoViewModel.swift; sourceTree = "<group>"; };
		E193009B2A225980009C7879 /* AbastecimentoScreen.swift */ = {isa = PBXFileReference; lastKnownFileType = sourcecode.swift; path = AbastecimentoScreen.swift; sourceTree = "<group>"; };
		E1B58D172A2575D800322852 /* ServicoListaScreen.swift */ = {isa = PBXFileReference; lastKnownFileType = sourcecode.swift; path = ServicoListaScreen.swift; sourceTree = "<group>"; };
		E1B58D1B2A257CEB00322852 /* RelatorioListaScreen.swift */ = {isa = PBXFileReference; lastKnownFileType = sourcecode.swift; path = RelatorioListaScreen.swift; sourceTree = "<group>"; };
		E1B58D1F2A257E9D00322852 /* AlertaListaScreen.swift */ = {isa = PBXFileReference; lastKnownFileType = sourcecode.swift; path = AlertaListaScreen.swift; sourceTree = "<group>"; };
		E1BDC60E2A0DA79F00F71A08 /* ProjetoJetta.app */ = {isa = PBXFileReference; explicitFileType = wrapper.application; includeInIndex = 0; path = ProjetoJetta.app; sourceTree = BUILT_PRODUCTS_DIR; };
		E1BDC6112A0DA79F00F71A08 /* ProjetoJettaApp.swift */ = {isa = PBXFileReference; lastKnownFileType = sourcecode.swift; path = ProjetoJettaApp.swift; sourceTree = "<group>"; };
		E1BDC6152A0DA7A000F71A08 /* AppIcon.xcassets */ = {isa = PBXFileReference; lastKnownFileType = folder.assetcatalog; path = AppIcon.xcassets; sourceTree = "<group>"; };
		E1BDC6182A0DA7A000F71A08 /* Preview Assets.xcassets */ = {isa = PBXFileReference; lastKnownFileType = folder.assetcatalog; path = "Preview Assets.xcassets"; sourceTree = "<group>"; };
		E1BDC6232A0DAACD00F71A08 /* .swiftlint.yml */ = {isa = PBXFileReference; lastKnownFileType = text.yaml; path = .swiftlint.yml; sourceTree = "<group>"; };
		E1BDC6292A0DAEE400F71A08 /* en */ = {isa = PBXFileReference; lastKnownFileType = text.plist.strings; name = en; path = en.lproj/Localizable.strings; sourceTree = "<group>"; };
		E1BDC62B2A0DAF0000F71A08 /* pt-BR */ = {isa = PBXFileReference; lastKnownFileType = text.plist.strings; name = "pt-BR"; path = "pt-BR.lproj/Localizable.strings"; sourceTree = "<group>"; };
		E1BDC6312A0DB28700F71A08 /* AppRoute.swift */ = {isa = PBXFileReference; lastKnownFileType = sourcecode.swift; path = AppRoute.swift; sourceTree = "<group>"; };
		E1BDC6352A0DB32E00F71A08 /* RootScreen.swift */ = {isa = PBXFileReference; lastKnownFileType = sourcecode.swift; path = RootScreen.swift; sourceTree = "<group>"; };
		E1BDC6382A0DB3CC00F71A08 /* HomeScreen.swift */ = {isa = PBXFileReference; lastKnownFileType = sourcecode.swift; path = HomeScreen.swift; sourceTree = "<group>"; };
		E1BDC63B2A0DB46A00F71A08 /* Collections.swift */ = {isa = PBXFileReference; lastKnownFileType = sourcecode.swift; path = Collections.swift; sourceTree = "<group>"; };
		E1BDC63D2A0DB5F300F71A08 /* DetalheMenuView.swift */ = {isa = PBXFileReference; lastKnownFileType = sourcecode.swift; path = DetalheMenuView.swift; sourceTree = "<group>"; };
		E1BDC6402A0DB6B900F71A08 /* HeaderHamburguerView.swift */ = {isa = PBXFileReference; lastKnownFileType = sourcecode.swift; path = HeaderHamburguerView.swift; sourceTree = "<group>"; };
		E1BDC6482A0DC1E300F71A08 /* README.md */ = {isa = PBXFileReference; lastKnownFileType = net.daringfireball.markdown; path = README.md; sourceTree = "<group>"; };
		E1BDC64A2A0EF5D600F71A08 /* SideBarMenuView.swift */ = {isa = PBXFileReference; lastKnownFileType = sourcecode.swift; path = SideBarMenuView.swift; sourceTree = "<group>"; };
		E1BDC6522A0FDFAD00F71A08 /* AppThemeViewModifier.swift */ = {isa = PBXFileReference; lastKnownFileType = sourcecode.swift; path = AppThemeViewModifier.swift; sourceTree = "<group>"; };
		E1BDC65B2A1129C400F71A08 /* VeiculoModel.swift */ = {isa = PBXFileReference; lastKnownFileType = sourcecode.swift; path = VeiculoModel.swift; sourceTree = "<group>"; };
		E1BDC65E2A1193E700F71A08 /* VeiculoViewModel.swift */ = {isa = PBXFileReference; lastKnownFileType = sourcecode.swift; path = VeiculoViewModel.swift; sourceTree = "<group>"; };
		E1BDC6612A119F6F00F71A08 /* ListaVeiculoDetalheView.swift */ = {isa = PBXFileReference; lastKnownFileType = sourcecode.swift; path = ListaVeiculoDetalheView.swift; sourceTree = "<group>"; };
		E1BDC6632A11A01500F71A08 /* VeiculoAction.swift */ = {isa = PBXFileReference; lastKnownFileType = sourcecode.swift; path = VeiculoAction.swift; sourceTree = "<group>"; };
		E1BDC6672A12FDD200F71A08 /* RealmConfig.swift */ = {isa = PBXFileReference; lastKnownFileType = sourcecode.swift; path = RealmConfig.swift; sourceTree = "<group>"; };
		E1BDC6692A144DF300F71A08 /* RealmMigrator.swift */ = {isa = PBXFileReference; lastKnownFileType = sourcecode.swift; path = RealmMigrator.swift; sourceTree = "<group>"; };
		E1BDC66C2A14506100F71A08 /* AppState.swift */ = {isa = PBXFileReference; lastKnownFileType = sourcecode.swift; path = AppState.swift; sourceTree = "<group>"; };
		E1BDC66F2A14537A00F71A08 /* RealmUserModel.swift */ = {isa = PBXFileReference; lastKnownFileType = sourcecode.swift; path = RealmUserModel.swift; sourceTree = "<group>"; };
		E1BDC6712A1458B500F71A08 /* VeiculoListaScreen.swift */ = {isa = PBXFileReference; lastKnownFileType = sourcecode.swift; path = VeiculoListaScreen.swift; sourceTree = "<group>"; };
		E1DF6ABB2A1D202F0028A8FA /* TesteView.swift */ = {isa = PBXFileReference; lastKnownFileType = sourcecode.swift; path = TesteView.swift; sourceTree = "<group>"; };
		E1DF6ABE2A1D23E30028A8FA /* PostoListaScreen.swift */ = {isa = PBXFileReference; lastKnownFileType = sourcecode.swift; path = PostoListaScreen.swift; sourceTree = "<group>"; };
		E1DF6AC12A1D2BB70028A8FA /* ListaDetalhePostoView.swift */ = {isa = PBXFileReference; lastKnownFileType = sourcecode.swift; path = ListaDetalhePostoView.swift; sourceTree = "<group>"; };
		E1DF6AC32A1D41A70028A8FA /* PostoScreen.swift */ = {isa = PBXFileReference; lastKnownFileType = sourcecode.swift; path = PostoScreen.swift; sourceTree = "<group>"; };
		E1F8577D2A0E79A500D31CD4 /* SettingsView.swift */ = {isa = PBXFileReference; lastKnownFileType = sourcecode.swift; path = SettingsView.swift; sourceTree = "<group>"; };
		E1F857822A0EAD6900D31CD4 /* HeaderView.swift */ = {isa = PBXFileReference; lastKnownFileType = sourcecode.swift; path = HeaderView.swift; sourceTree = "<group>"; };
		E1F857852A0ED48E00D31CD4 /* VeiculoScreen.swift */ = {isa = PBXFileReference; lastKnownFileType = sourcecode.swift; path = VeiculoScreen.swift; sourceTree = "<group>"; };
/* End PBXFileReference section */

/* Begin PBXFrameworksBuildPhase section */
		E1BDC60B2A0DA79F00F71A08 /* Frameworks */ = {
			isa = PBXFrameworksBuildPhase;
			buildActionMask = 2147483647;
			files = (
				E1BDC6582A1125B200F71A08 /* RealmSwift in Frameworks */,
				E1BDC6562A1125B200F71A08 /* Realm in Frameworks */,
				E1BDC62E2A0DB1A300F71A08 /* UIPilot in Frameworks */,
				E1BDC6752A16E79F00F71A08 /* FormValidator in Frameworks */,
			);
			runOnlyForDeploymentPostprocessing = 0;
		};
/* End PBXFrameworksBuildPhase section */

/* Begin PBXGroup section */
		E193006B2A199E2F009C7879 /* View */ = {
			isa = PBXGroup;
			children = (
				E1BDC63D2A0DB5F300F71A08 /* DetalheMenuView.swift */,
			);
			path = View;
			sourceTree = "<group>";
		};
		E193006C2A1A748B009C7879 /* Abastecimento */ = {
			isa = PBXGroup;
			children = (
				E19300702A1AD972009C7879 /* Model */,
				E193006D2A1A7497009C7879 /* Screen */,
				E19300782A1ADFA2009C7879 /* View */,
				E19300732A1ADD35009C7879 /* ViewModel */,
			);
			path = Abastecimento;
			sourceTree = "<group>";
		};
		E193006D2A1A7497009C7879 /* Screen */ = {
			isa = PBXGroup;
			children = (
				E193006E2A1A74BA009C7879 /* AbastecimentoListaScreen.swift */,
				E193009B2A225980009C7879 /* AbastecimentoScreen.swift */,
			);
			path = Screen;
			sourceTree = "<group>";
		};
		E19300702A1AD972009C7879 /* Model */ = {
			isa = PBXGroup;
			children = (
				E19300712A1AD987009C7879 /* AbastecimentoModel.swift */,
			);
			path = Model;
			sourceTree = "<group>";
		};
		E19300732A1ADD35009C7879 /* ViewModel */ = {
			isa = PBXGroup;
			children = (
				E19300742A1ADD9C009C7879 /* AbastecimentoViewModel.swift */,
			);
			path = ViewModel;
			sourceTree = "<group>";
		};
		E19300782A1ADFA2009C7879 /* View */ = {
			isa = PBXGroup;
			children = (
				E19300762A1ADF9A009C7879 /* AbastecimentoListaDetalheView.swift */,
			);
			path = View;
			sourceTree = "<group>";
		};
		E19300792A1AE531009C7879 /* Common */ = {
			isa = PBXGroup;
			children = (
				E1DF6ABB2A1D202F0028A8FA /* TesteView.swift */,
			);
			path = Common;
			sourceTree = "<group>";
		};
		E193007A2A1AE6A6009C7879 /* Extensions */ = {
			isa = PBXGroup;
			children = (
				E193007B2A1AE6C8009C7879 /* StringExtension.swift */,
			);
			path = Extensions;
			sourceTree = "<group>";
		};
		E193007D2A1C2C11009C7879 /* Perfil */ = {
			isa = PBXGroup;
			children = (
				E193008E2A1C49E2009C7879 /* Screen */,
				E193008D2A1C49B2009C7879 /* ViewModel */,
				E193008C2A1C499E009C7879 /* View */,
				E193007E2A1C2C1A009C7879 /* Model */,
			);
			path = Perfil;
			sourceTree = "<group>";
		};
		E193007E2A1C2C1A009C7879 /* Model */ = {
			isa = PBXGroup;
			children = (
				E19300832A1C2DC3009C7879 /* PerfilModel.swift */,
			);
			path = Model;
			sourceTree = "<group>";
		};
		E193007F2A1C2C24009C7879 /* Posto */ = {
			isa = PBXGroup;
			children = (
				E19300802A1C2C2D009C7879 /* Model */,
				E1DF6ABD2A1D23CD0028A8FA /* Screen */,
				E1DF6AC02A1D2BA30028A8FA /* View */,
				E19300982A1EEDBE009C7879 /* ViewModel */,
			);
			path = Posto;
			sourceTree = "<group>";
		};
		E19300802A1C2C2D009C7879 /* Model */ = {
			isa = PBXGroup;
			children = (
				E19300812A1C2C49009C7879 /* PostoModel.swift */,
			);
			path = Model;
			sourceTree = "<group>";
		};
		E19300852A1C3A7A009C7879 /* Cadastros */ = {
			isa = PBXGroup;
			children = (
				E19300892A1C3C7C009C7879 /* View */,
				E19300862A1C3AE4009C7879 /* Screen */,
			);
			path = Cadastros;
			sourceTree = "<group>";
		};
		E19300862A1C3AE4009C7879 /* Screen */ = {
			isa = PBXGroup;
			children = (
				E19300872A1C3BC4009C7879 /* CadastrosScreen.swift */,
			);
			path = Screen;
			sourceTree = "<group>";
		};
		E19300892A1C3C7C009C7879 /* View */ = {
			isa = PBXGroup;
			children = (
				E193008A2A1C3C96009C7879 /* CadastroDetalheView.swift */,
			);
			path = View;
			sourceTree = "<group>";
		};
		E193008C2A1C499E009C7879 /* View */ = {
			isa = PBXGroup;
			children = (
				E19300912A1C4AC7009C7879 /* ListaPerfilDetalheView.swift */,
			);
			path = View;
			sourceTree = "<group>";
		};
		E193008D2A1C49B2009C7879 /* ViewModel */ = {
			isa = PBXGroup;
			children = (
				E19300932A1C4AE0009C7879 /* PerfilViewModel.swift */,
			);
			path = ViewModel;
			sourceTree = "<group>";
		};
		E193008E2A1C49E2009C7879 /* Screen */ = {
			isa = PBXGroup;
			children = (
				E193008F2A1C4AA5009C7879 /* PerfilScreen.swift */,
			);
			path = Screen;
			sourceTree = "<group>";
		};
		E19300952A1D914E009C7879 /* Database */ = {
			isa = PBXGroup;
			children = (
				E19300962A1D9160009C7879 /* DatabaseManager.swift */,
				E1BDC6672A12FDD200F71A08 /* RealmConfig.swift */,
				E1BDC6692A144DF300F71A08 /* RealmMigrator.swift */,
			);
			path = Database;
			sourceTree = "<group>";
		};
		E19300982A1EEDBE009C7879 /* ViewModel */ = {
			isa = PBXGroup;
			children = (
				E19300992A1EEE35009C7879 /* PostoViewModel.swift */,
			);
			path = ViewModel;
			sourceTree = "<group>";
		};
		E1B58D152A2575B100322852 /* Servico */ = {
			isa = PBXGroup;
			children = (
				E1B58D162A2575BB00322852 /* Screen */,
			);
			path = Servico;
			sourceTree = "<group>";
		};
		E1B58D162A2575BB00322852 /* Screen */ = {
			isa = PBXGroup;
			children = (
				E1B58D172A2575D800322852 /* ServicoListaScreen.swift */,
			);
			path = Screen;
			sourceTree = "<group>";
		};
		E1B58D192A257C7D00322852 /* Alerta */ = {
			isa = PBXGroup;
			children = (
				E1B58D1E2A257E8700322852 /* Screen */,
			);
			path = Alerta;
			sourceTree = "<group>";
		};
		E1B58D1A2A257C8E00322852 /* Relatorio */ = {
			isa = PBXGroup;
			children = (
				E1B58D1D2A257E7500322852 /* Screen */,
			);
			path = Relatorio;
			sourceTree = "<group>";
		};
		E1B58D1D2A257E7500322852 /* Screen */ = {
			isa = PBXGroup;
			children = (
				E1B58D1B2A257CEB00322852 /* RelatorioListaScreen.swift */,
			);
			path = Screen;
			sourceTree = "<group>";
		};
		E1B58D1E2A257E8700322852 /* Screen */ = {
			isa = PBXGroup;
			children = (
				E1B58D1F2A257E9D00322852 /* AlertaListaScreen.swift */,
			);
			path = Screen;
			sourceTree = "<group>";
		};
		E1BDC6052A0DA79F00F71A08 = {
			isa = PBXGroup;
			children = (
				E1BDC6232A0DAACD00F71A08 /* .swiftlint.yml */,
				E1BDC6102A0DA79F00F71A08 /* ProjetoJetta */,
				E1BDC60F2A0DA79F00F71A08 /* Products */,
			);
			sourceTree = "<group>";
		};
		E1BDC60F2A0DA79F00F71A08 /* Products */ = {
			isa = PBXGroup;
			children = (
				E1BDC60E2A0DA79F00F71A08 /* ProjetoJetta.app */,
			);
			name = Products;
			sourceTree = "<group>";
		};
		E1BDC6102A0DA79F00F71A08 /* ProjetoJetta */ = {
			isa = PBXGroup;
			children = (
				E1BDC6202A0DA8F800F71A08 /* Code */,
				E1BDC6212A0DA91000F71A08 /* Config */,
				E1BDC6172A0DA7A000F71A08 /* Preview Content */,
				E1BDC6482A0DC1E300F71A08 /* README.md */,
				E1BDC6222A0DA91B00F71A08 /* Resources */,
				E1BDC61F2A0DA8DF00F71A08 /* SupportingFiles */,
				E1BDC6442A0DB96700F71A08 /* Utilities */,
			);
			path = ProjetoJetta;
			sourceTree = "<group>";
		};
		E1BDC6172A0DA7A000F71A08 /* Preview Content */ = {
			isa = PBXGroup;
			children = (
				E1BDC6182A0DA7A000F71A08 /* Preview Assets.xcassets */,
			);
			path = "Preview Content";
			sourceTree = "<group>";
		};
		E1BDC61F2A0DA8DF00F71A08 /* SupportingFiles */ = {
			isa = PBXGroup;
			children = (
				E1BDC6112A0DA79F00F71A08 /* ProjetoJettaApp.swift */,
				E1BDC62A2A0DAEE400F71A08 /* Localizable.strings */,
			);
			path = SupportingFiles;
			sourceTree = "<group>";
		};
		E1BDC6202A0DA8F800F71A08 /* Code */ = {
			isa = PBXGroup;
			children = (
				E1BDC6432A0DB93500F71A08 /* Features */,
			);
			path = Code;
			sourceTree = "<group>";
		};
		E1BDC6212A0DA91000F71A08 /* Config */ = {
			isa = PBXGroup;
			children = (
				E1BDC66E2A14536300F71A08 /* Model */,
				E1BDC66B2A14505000F71A08 /* AppState */,
				E1BDC6662A12FDC000F71A08 /* Realm */,
				E1BDC64E2A0FDF1900F71A08 /* AppTheme */,
				E1BDC6422A0DB75800F71A08 /* View */,
			);
			path = Config;
			sourceTree = "<group>";
		};
		E1BDC6222A0DA91B00F71A08 /* Resources */ = {
			isa = PBXGroup;
			children = (
				E1BDC6152A0DA7A000F71A08 /* AppIcon.xcassets */,
				E19300692A1838F9009C7879 /* BackGroundColors.xcassets */,
			);
			path = Resources;
			sourceTree = "<group>";
		};
		E1BDC62F2A0DB23E00F71A08 /* Routing */ = {
			isa = PBXGroup;
			children = (
				E1BDC6302A0DB24900F71A08 /* Model */,
				E1BDC63F2A0DB6A400F71A08 /* View */,
			);
			path = Routing;
			sourceTree = "<group>";
		};
		E1BDC6302A0DB24900F71A08 /* Model */ = {
			isa = PBXGroup;
			children = (
				E1BDC6312A0DB28700F71A08 /* AppRoute.swift */,
			);
			path = Model;
			sourceTree = "<group>";
		};
		E1BDC6332A0DB31200F71A08 /* Root */ = {
			isa = PBXGroup;
			children = (
				E1BDC63A2A0DB45600F71A08 /* Model */,
				E1BDC6372A0DB33700F71A08 /* Screens */,
				E1BDC6342A0DB31B00F71A08 /* View */,
			);
			path = Root;
			sourceTree = "<group>";
		};
		E1BDC6342A0DB31B00F71A08 /* View */ = {
			isa = PBXGroup;
			children = (
				E154DD212A1FB9CD002C23A0 /* RootDetalheView.swift */,
			);
			path = View;
			sourceTree = "<group>";
		};
		E1BDC6372A0DB33700F71A08 /* Screens */ = {
			isa = PBXGroup;
			children = (
				E1BDC6352A0DB32E00F71A08 /* RootScreen.swift */,
			);
			path = Screens;
			sourceTree = "<group>";
		};
		E1BDC63A2A0DB45600F71A08 /* Model */ = {
			isa = PBXGroup;
			children = (
				E1BDC63B2A0DB46A00F71A08 /* Collections.swift */,
			);
			path = Model;
			sourceTree = "<group>";
		};
		E1BDC63F2A0DB6A400F71A08 /* View */ = {
			isa = PBXGroup;
			children = (
				E1BDC6402A0DB6B900F71A08 /* HeaderHamburguerView.swift */,
				E1F857822A0EAD6900D31CD4 /* HeaderView.swift */,
			);
			path = View;
			sourceTree = "<group>";
		};
		E1BDC6422A0DB75800F71A08 /* View */ = {
			isa = PBXGroup;
			children = (
				E1F8577D2A0E79A500D31CD4 /* SettingsView.swift */,
			);
			path = View;
			sourceTree = "<group>";
		};
		E1BDC6432A0DB93500F71A08 /* Features */ = {
			isa = PBXGroup;
			children = (
				E1B58D1A2A257C8E00322852 /* Relatorio */,
				E1B58D192A257C7D00322852 /* Alerta */,
				E1B58D152A2575B100322852 /* Servico */,
				E193006C2A1A748B009C7879 /* Abastecimento */,
				E19300852A1C3A7A009C7879 /* Cadastros */,
				E19300792A1AE531009C7879 /* Common */,
				E1BDC64C2A0F37E700F71A08 /* Home */,
				E193007D2A1C2C11009C7879 /* Perfil */,
				E193007F2A1C2C24009C7879 /* Posto */,
				E1BDC6332A0DB31200F71A08 /* Root */,
				E1BDC62F2A0DB23E00F71A08 /* Routing */,
				E1BDC6452A0DB98D00F71A08 /* Settings */,
				E1F857842A0ED46E00D31CD4 /* Veiculo */,
			);
			path = Features;
			sourceTree = "<group>";
		};
		E1BDC6442A0DB96700F71A08 /* Utilities */ = {
			isa = PBXGroup;
			children = (
				E193007A2A1AE6A6009C7879 /* Extensions */,
			);
			path = Utilities;
			sourceTree = "<group>";
		};
		E1BDC6452A0DB98D00F71A08 /* Settings */ = {
			isa = PBXGroup;
			children = (
				E1BDC6492A0EF54600F71A08 /* View */,
			);
			path = Settings;
			sourceTree = "<group>";
		};
		E1BDC6492A0EF54600F71A08 /* View */ = {
			isa = PBXGroup;
			children = (
				E1BDC64A2A0EF5D600F71A08 /* SideBarMenuView.swift */,
			);
			path = View;
			sourceTree = "<group>";
		};
		E1BDC64C2A0F37E700F71A08 /* Home */ = {
			isa = PBXGroup;
			children = (
				E193006B2A199E2F009C7879 /* View */,
				E1BDC64D2A0F37F300F71A08 /* Screens */,
			);
			path = Home;
			sourceTree = "<group>";
		};
		E1BDC64D2A0F37F300F71A08 /* Screens */ = {
			isa = PBXGroup;
			children = (
				E1BDC6382A0DB3CC00F71A08 /* HomeScreen.swift */,
			);
			path = Screens;
			sourceTree = "<group>";
		};
		E1BDC64E2A0FDF1900F71A08 /* AppTheme */ = {
			isa = PBXGroup;
			children = (
				E1BDC6512A0FDF8D00F71A08 /* ViewModifiers */,
			);
			path = AppTheme;
			sourceTree = "<group>";
		};
		E1BDC6512A0FDF8D00F71A08 /* ViewModifiers */ = {
			isa = PBXGroup;
			children = (
				E1BDC6522A0FDFAD00F71A08 /* AppThemeViewModifier.swift */,
			);
			path = ViewModifiers;
			sourceTree = "<group>";
		};
		E1BDC6592A11289500F71A08 /* Model */ = {
			isa = PBXGroup;
			children = (
				E1BDC65B2A1129C400F71A08 /* VeiculoModel.swift */,
			);
			path = Model;
			sourceTree = "<group>";
		};
		E1BDC65A2A11289F00F71A08 /* Screen */ = {
			isa = PBXGroup;
			children = (
				E1BDC6712A1458B500F71A08 /* VeiculoListaScreen.swift */,
				E1F857852A0ED48E00D31CD4 /* VeiculoScreen.swift */,
			);
			path = Screen;
			sourceTree = "<group>";
		};
		E1BDC65D2A1193D400F71A08 /* ViewModel */ = {
			isa = PBXGroup;
			children = (
				E1BDC65E2A1193E700F71A08 /* VeiculoViewModel.swift */,
			);
			path = ViewModel;
			sourceTree = "<group>";
		};
		E1BDC6602A119F4900F71A08 /* View */ = {
			isa = PBXGroup;
			children = (
				E1BDC6612A119F6F00F71A08 /* ListaVeiculoDetalheView.swift */,
			);
			path = View;
			sourceTree = "<group>";
		};
		E1BDC6652A11A02900F71A08 /* Action */ = {
			isa = PBXGroup;
			children = (
				E1BDC6632A11A01500F71A08 /* VeiculoAction.swift */,
			);
			path = Action;
			sourceTree = "<group>";
		};
		E1BDC6662A12FDC000F71A08 /* Realm */ = {
			isa = PBXGroup;
			children = (
				E19300952A1D914E009C7879 /* Database */,
			);
			path = Realm;
			sourceTree = "<group>";
		};
		E1BDC66B2A14505000F71A08 /* AppState */ = {
			isa = PBXGroup;
			children = (
				E1BDC66C2A14506100F71A08 /* AppState.swift */,
			);
			path = AppState;
			sourceTree = "<group>";
		};
		E1BDC66E2A14536300F71A08 /* Model */ = {
			isa = PBXGroup;
			children = (
				E1BDC66F2A14537A00F71A08 /* RealmUserModel.swift */,
			);
			path = Model;
			sourceTree = "<group>";
		};
		E1DF6ABD2A1D23CD0028A8FA /* Screen */ = {
			isa = PBXGroup;
			children = (
				E1DF6ABE2A1D23E30028A8FA /* PostoListaScreen.swift */,
				E1DF6AC32A1D41A70028A8FA /* PostoScreen.swift */,
			);
			path = Screen;
			sourceTree = "<group>";
		};
		E1DF6AC02A1D2BA30028A8FA /* View */ = {
			isa = PBXGroup;
			children = (
				E1DF6AC12A1D2BB70028A8FA /* ListaDetalhePostoView.swift */,
			);
			path = View;
			sourceTree = "<group>";
		};
		E1F857842A0ED46E00D31CD4 /* Veiculo */ = {
			isa = PBXGroup;
			children = (
				E1BDC6652A11A02900F71A08 /* Action */,
				E1BDC6592A11289500F71A08 /* Model */,
				E1BDC65A2A11289F00F71A08 /* Screen */,
				E1BDC6602A119F4900F71A08 /* View */,
				E1BDC65D2A1193D400F71A08 /* ViewModel */,
			);
			path = Veiculo;
			sourceTree = "<group>";
		};
/* End PBXGroup section */

/* Begin PBXNativeTarget section */
		E1BDC60D2A0DA79F00F71A08 /* ProjetoJetta */ = {
			isa = PBXNativeTarget;
			buildConfigurationList = E1BDC61C2A0DA7A000F71A08 /* Build configuration list for PBXNativeTarget "ProjetoJetta" */;
			buildPhases = (
				E1BDC60A2A0DA79F00F71A08 /* Sources */,
				E1BDC60B2A0DA79F00F71A08 /* Frameworks */,
				E1BDC60C2A0DA79F00F71A08 /* Resources */,
				E1BDC6252A0DAC9200F71A08 /* SwiftLint */,
			);
			buildRules = (
			);
			dependencies = (
			);
			name = ProjetoJetta;
			packageProductDependencies = (
				E1BDC62D2A0DB1A300F71A08 /* UIPilot */,
				E1BDC6552A1125B200F71A08 /* Realm */,
				E1BDC6572A1125B200F71A08 /* RealmSwift */,
				E1BDC6742A16E79F00F71A08 /* FormValidator */,
			);
			productName = ProjetoJetta;
			productReference = E1BDC60E2A0DA79F00F71A08 /* ProjetoJetta.app */;
			productType = "com.apple.product-type.application";
		};
/* End PBXNativeTarget section */

/* Begin PBXProject section */
		E1BDC6062A0DA79F00F71A08 /* Project object */ = {
			isa = PBXProject;
			attributes = {
				BuildIndependentTargetsInParallel = 1;
				LastSwiftUpdateCheck = 1430;
				LastUpgradeCheck = 1430;
				TargetAttributes = {
					E1BDC60D2A0DA79F00F71A08 = {
						CreatedOnToolsVersion = 14.3;
					};
				};
			};
			buildConfigurationList = E1BDC6092A0DA79F00F71A08 /* Build configuration list for PBXProject "ProjetoJetta" */;
			compatibilityVersion = "Xcode 14.0";
			developmentRegion = en;
			hasScannedForEncodings = 0;
			knownRegions = (
				en,
				Base,
				"pt-BR",
			);
			mainGroup = E1BDC6052A0DA79F00F71A08;
			packageReferences = (
				E1BDC62C2A0DB1A300F71A08 /* XCRemoteSwiftPackageReference "UIPilot" */,
				E1BDC6542A1125B200F71A08 /* XCRemoteSwiftPackageReference "realm-swift" */,
				E1BDC6732A16E79F00F71A08 /* XCRemoteSwiftPackageReference "SwiftUIFormValidator" */,
			);
			productRefGroup = E1BDC60F2A0DA79F00F71A08 /* Products */;
			projectDirPath = "";
			projectRoot = "";
			targets = (
				E1BDC60D2A0DA79F00F71A08 /* ProjetoJetta */,
			);
		};
/* End PBXProject section */

/* Begin PBXResourcesBuildPhase section */
		E1BDC60C2A0DA79F00F71A08 /* Resources */ = {
			isa = PBXResourcesBuildPhase;
			buildActionMask = 2147483647;
			files = (
				E1BDC6242A0DAACD00F71A08 /* .swiftlint.yml in Resources */,
				E1BDC6282A0DAEE400F71A08 /* Localizable.strings in Resources */,
				E193006A2A1838F9009C7879 /* BackGroundColors.xcassets in Resources */,
				E1BDC6192A0DA7A000F71A08 /* Preview Assets.xcassets in Resources */,
				E1BDC6162A0DA7A000F71A08 /* AppIcon.xcassets in Resources */,
			);
			runOnlyForDeploymentPostprocessing = 0;
		};
/* End PBXResourcesBuildPhase section */

/* Begin PBXShellScriptBuildPhase section */
		E1BDC6252A0DAC9200F71A08 /* SwiftLint */ = {
			isa = PBXShellScriptBuildPhase;
			alwaysOutOfDate = 1;
			buildActionMask = 2147483647;
			files = (
			);
			inputFileListPaths = (
			);
			inputPaths = (
			);
			name = SwiftLint;
			outputFileListPaths = (
			);
			outputPaths = (
			);
			runOnlyForDeploymentPostprocessing = 0;
			shellPath = /bin/sh;
			shellScript = "if [[ \"$(uname -m)\" == arm64 ]]; then\n    export PATH=\"/opt/homebrew/bin:$PATH\"\nfi\n\nif which swiftlint > /dev/null; then\n  swiftlint\nelse\n  echo \"warning: SwiftLint not installed, download from https://github.com/realm/SwiftLint\"\nfi\n";
		};
/* End PBXShellScriptBuildPhase section */

/* Begin PBXSourcesBuildPhase section */
		E1BDC60A2A0DA79F00F71A08 /* Sources */ = {
			isa = PBXSourcesBuildPhase;
			buildActionMask = 2147483647;
			files = (
				E1BDC65F2A1193E700F71A08 /* VeiculoViewModel.swift in Sources */,
				E1BDC6392A0DB3CC00F71A08 /* HomeScreen.swift in Sources */,
				E1B58D1C2A257CEB00322852 /* RelatorioListaScreen.swift in Sources */,
				E1BDC66D2A14506100F71A08 /* AppState.swift in Sources */,
				E1BDC66A2A144DF300F71A08 /* RealmMigrator.swift in Sources */,
				E193009C2A225980009C7879 /* AbastecimentoScreen.swift in Sources */,
				E1BDC65C2A1129C400F71A08 /* VeiculoModel.swift in Sources */,
				E1BDC6642A11A01500F71A08 /* VeiculoAction.swift in Sources */,
				E1B58D182A2575D800322852 /* ServicoListaScreen.swift in Sources */,
				E1BDC6682A12FDD200F71A08 /* RealmConfig.swift in Sources */,
				E1BDC6702A14537A00F71A08 /* RealmUserModel.swift in Sources */,
				E19300922A1C4AC7009C7879 /* ListaPerfilDetalheView.swift in Sources */,
				E1BDC6532A0FDFAD00F71A08 /* AppThemeViewModifier.swift in Sources */,
				E1DF6AC42A1D41A70028A8FA /* PostoScreen.swift in Sources */,
				E1BDC64B2A0EF5D600F71A08 /* SideBarMenuView.swift in Sources */,
				E19300772A1ADF9A009C7879 /* AbastecimentoListaDetalheView.swift in Sources */,
				E19300842A1C2DC3009C7879 /* PerfilModel.swift in Sources */,
				E19300972A1D9160009C7879 /* DatabaseManager.swift in Sources */,
				E19300752A1ADD9C009C7879 /* AbastecimentoViewModel.swift in Sources */,
				E1BDC6122A0DA79F00F71A08 /* ProjetoJettaApp.swift in Sources */,
				E1BDC6622A119F6F00F71A08 /* ListaVeiculoDetalheView.swift in Sources */,
				E19300722A1AD987009C7879 /* AbastecimentoModel.swift in Sources */,
				E19300882A1C3BC4009C7879 /* CadastrosScreen.swift in Sources */,
				E193008B2A1C3C96009C7879 /* CadastroDetalheView.swift in Sources */,
				E1B58D202A257E9D00322852 /* AlertaListaScreen.swift in Sources */,
				E1F8577E2A0E79A500D31CD4 /* SettingsView.swift in Sources */,
				E1DF6ABC2A1D202F0028A8FA /* TesteView.swift in Sources */,
				E1BDC63C2A0DB46A00F71A08 /* Collections.swift in Sources */,
				E1F857832A0EAD6900D31CD4 /* HeaderView.swift in Sources */,
				E1DF6ABF2A1D23E30028A8FA /* PostoListaScreen.swift in Sources */,
				E1BDC6412A0DB6B900F71A08 /* HeaderHamburguerView.swift in Sources */,
				E1BDC6322A0DB28700F71A08 /* AppRoute.swift in Sources */,
				E19300822A1C2C49009C7879 /* PostoModel.swift in Sources */,
				E1BDC6362A0DB32E00F71A08 /* RootScreen.swift in Sources */,
				E154DD222A1FB9CD002C23A0 /* RootDetalheView.swift in Sources */,
				E1BDC63E2A0DB5F300F71A08 /* DetalheMenuView.swift in Sources */,
				E1F857862A0ED48E00D31CD4 /* VeiculoScreen.swift in Sources */,
				E1DF6AC22A1D2BB70028A8FA /* ListaDetalhePostoView.swift in Sources */,
				E19300902A1C4AA5009C7879 /* PerfilScreen.swift in Sources */,
				E19300942A1C4AE0009C7879 /* PerfilViewModel.swift in Sources */,
				E1BDC6722A1458B500F71A08 /* VeiculoListaScreen.swift in Sources */,
				E193007C2A1AE6C8009C7879 /* StringExtension.swift in Sources */,
				E193009A2A1EEE35009C7879 /* PostoViewModel.swift in Sources */,
				E193006F2A1A74BA009C7879 /* AbastecimentoListaScreen.swift in Sources */,
			);
			runOnlyForDeploymentPostprocessing = 0;
		};
/* End PBXSourcesBuildPhase section */

/* Begin PBXVariantGroup section */
		E1BDC62A2A0DAEE400F71A08 /* Localizable.strings */ = {
			isa = PBXVariantGroup;
			children = (
				E1BDC6292A0DAEE400F71A08 /* en */,
				E1BDC62B2A0DAF0000F71A08 /* pt-BR */,
			);
			name = Localizable.strings;
			sourceTree = "<group>";
		};
/* End PBXVariantGroup section */

/* Begin XCBuildConfiguration section */
		E1BDC61A2A0DA7A000F71A08 /* Debug */ = {
			isa = XCBuildConfiguration;
			buildSettings = {
				ALWAYS_SEARCH_USER_PATHS = NO;
				CLANG_ANALYZER_LOCALIZABILITY_NONLOCALIZED = YES;
				CLANG_ANALYZER_NONNULL = YES;
				CLANG_ANALYZER_NUMBER_OBJECT_CONVERSION = YES_AGGRESSIVE;
				CLANG_CXX_LANGUAGE_STANDARD = "gnu++20";
				CLANG_ENABLE_MODULES = YES;
				CLANG_ENABLE_OBJC_ARC = YES;
				CLANG_ENABLE_OBJC_WEAK = YES;
				CLANG_WARN_BLOCK_CAPTURE_AUTORELEASING = YES;
				CLANG_WARN_BOOL_CONVERSION = YES;
				CLANG_WARN_COMMA = YES;
				CLANG_WARN_CONSTANT_CONVERSION = YES;
				CLANG_WARN_DEPRECATED_OBJC_IMPLEMENTATIONS = YES;
				CLANG_WARN_DIRECT_OBJC_ISA_USAGE = YES_ERROR;
				CLANG_WARN_DOCUMENTATION_COMMENTS = YES;
				CLANG_WARN_EMPTY_BODY = YES;
				CLANG_WARN_ENUM_CONVERSION = YES;
				CLANG_WARN_INFINITE_RECURSION = YES;
				CLANG_WARN_INT_CONVERSION = YES;
				CLANG_WARN_NON_LITERAL_NULL_CONVERSION = YES;
				CLANG_WARN_OBJC_IMPLICIT_RETAIN_SELF = YES;
				CLANG_WARN_OBJC_LITERAL_CONVERSION = YES;
				CLANG_WARN_OBJC_ROOT_CLASS = YES_ERROR;
				CLANG_WARN_QUOTED_INCLUDE_IN_FRAMEWORK_HEADER = YES;
				CLANG_WARN_RANGE_LOOP_ANALYSIS = YES;
				CLANG_WARN_STRICT_PROTOTYPES = YES;
				CLANG_WARN_SUSPICIOUS_MOVE = YES;
				CLANG_WARN_UNGUARDED_AVAILABILITY = YES_AGGRESSIVE;
				CLANG_WARN_UNREACHABLE_CODE = YES;
				CLANG_WARN__DUPLICATE_METHOD_MATCH = YES;
				COPY_PHASE_STRIP = NO;
				DEBUG_INFORMATION_FORMAT = dwarf;
				ENABLE_STRICT_OBJC_MSGSEND = YES;
				ENABLE_TESTABILITY = YES;
				GCC_C_LANGUAGE_STANDARD = gnu11;
				GCC_DYNAMIC_NO_PIC = NO;
				GCC_NO_COMMON_BLOCKS = YES;
				GCC_OPTIMIZATION_LEVEL = 0;
				GCC_PREPROCESSOR_DEFINITIONS = (
					"DEBUG=1",
					"$(inherited)",
				);
				GCC_WARN_64_TO_32_BIT_CONVERSION = YES;
				GCC_WARN_ABOUT_RETURN_TYPE = YES_ERROR;
				GCC_WARN_UNDECLARED_SELECTOR = YES;
				GCC_WARN_UNINITIALIZED_AUTOS = YES_AGGRESSIVE;
				GCC_WARN_UNUSED_FUNCTION = YES;
				GCC_WARN_UNUSED_VARIABLE = YES;
				IPHONEOS_DEPLOYMENT_TARGET = 16.4;
				MTL_ENABLE_DEBUG_INFO = INCLUDE_SOURCE;
				MTL_FAST_MATH = YES;
				ONLY_ACTIVE_ARCH = YES;
				SDKROOT = iphoneos;
				SWIFT_ACTIVE_COMPILATION_CONDITIONS = DEBUG;
				SWIFT_OPTIMIZATION_LEVEL = "-Onone";
			};
			name = Debug;
		};
		E1BDC61B2A0DA7A000F71A08 /* Release */ = {
			isa = XCBuildConfiguration;
			buildSettings = {
				ALWAYS_SEARCH_USER_PATHS = NO;
				CLANG_ANALYZER_LOCALIZABILITY_NONLOCALIZED = YES;
				CLANG_ANALYZER_NONNULL = YES;
				CLANG_ANALYZER_NUMBER_OBJECT_CONVERSION = YES_AGGRESSIVE;
				CLANG_CXX_LANGUAGE_STANDARD = "gnu++20";
				CLANG_ENABLE_MODULES = YES;
				CLANG_ENABLE_OBJC_ARC = YES;
				CLANG_ENABLE_OBJC_WEAK = YES;
				CLANG_WARN_BLOCK_CAPTURE_AUTORELEASING = YES;
				CLANG_WARN_BOOL_CONVERSION = YES;
				CLANG_WARN_COMMA = YES;
				CLANG_WARN_CONSTANT_CONVERSION = YES;
				CLANG_WARN_DEPRECATED_OBJC_IMPLEMENTATIONS = YES;
				CLANG_WARN_DIRECT_OBJC_ISA_USAGE = YES_ERROR;
				CLANG_WARN_DOCUMENTATION_COMMENTS = YES;
				CLANG_WARN_EMPTY_BODY = YES;
				CLANG_WARN_ENUM_CONVERSION = YES;
				CLANG_WARN_INFINITE_RECURSION = YES;
				CLANG_WARN_INT_CONVERSION = YES;
				CLANG_WARN_NON_LITERAL_NULL_CONVERSION = YES;
				CLANG_WARN_OBJC_IMPLICIT_RETAIN_SELF = YES;
				CLANG_WARN_OBJC_LITERAL_CONVERSION = YES;
				CLANG_WARN_OBJC_ROOT_CLASS = YES_ERROR;
				CLANG_WARN_QUOTED_INCLUDE_IN_FRAMEWORK_HEADER = YES;
				CLANG_WARN_RANGE_LOOP_ANALYSIS = YES;
				CLANG_WARN_STRICT_PROTOTYPES = YES;
				CLANG_WARN_SUSPICIOUS_MOVE = YES;
				CLANG_WARN_UNGUARDED_AVAILABILITY = YES_AGGRESSIVE;
				CLANG_WARN_UNREACHABLE_CODE = YES;
				CLANG_WARN__DUPLICATE_METHOD_MATCH = YES;
				COPY_PHASE_STRIP = NO;
				DEBUG_INFORMATION_FORMAT = "dwarf-with-dsym";
				ENABLE_NS_ASSERTIONS = NO;
				ENABLE_STRICT_OBJC_MSGSEND = YES;
				GCC_C_LANGUAGE_STANDARD = gnu11;
				GCC_NO_COMMON_BLOCKS = YES;
				GCC_WARN_64_TO_32_BIT_CONVERSION = YES;
				GCC_WARN_ABOUT_RETURN_TYPE = YES_ERROR;
				GCC_WARN_UNDECLARED_SELECTOR = YES;
				GCC_WARN_UNINITIALIZED_AUTOS = YES_AGGRESSIVE;
				GCC_WARN_UNUSED_FUNCTION = YES;
				GCC_WARN_UNUSED_VARIABLE = YES;
				IPHONEOS_DEPLOYMENT_TARGET = 16.4;
				MTL_ENABLE_DEBUG_INFO = NO;
				MTL_FAST_MATH = YES;
				SDKROOT = iphoneos;
				SWIFT_COMPILATION_MODE = wholemodule;
				SWIFT_OPTIMIZATION_LEVEL = "-O";
				VALIDATE_PRODUCT = YES;
			};
			name = Release;
		};
		E1BDC61D2A0DA7A000F71A08 /* Debug */ = {
			isa = XCBuildConfiguration;
			buildSettings = {
				ASSETCATALOG_COMPILER_APPICON_NAME = AppIcon;
				ASSETCATALOG_COMPILER_GLOBAL_ACCENT_COLOR_NAME = AccentColor;
				CODE_SIGN_STYLE = Automatic;
				CURRENT_PROJECT_VERSION = 1;
				DEVELOPMENT_ASSET_PATHS = "\"ProjetoJetta/Preview Content\"";
				DEVELOPMENT_TEAM = 4DLN7FPJ74;
				ENABLE_PREVIEWS = YES;
				GENERATE_INFOPLIST_FILE = YES;
				INFOPLIST_KEY_UIApplicationSceneManifest_Generation = YES;
				INFOPLIST_KEY_UIApplicationSupportsIndirectInputEvents = YES;
				INFOPLIST_KEY_UILaunchScreen_Generation = YES;
				INFOPLIST_KEY_UISupportedInterfaceOrientations_iPad = "UIInterfaceOrientationPortrait UIInterfaceOrientationPortraitUpsideDown UIInterfaceOrientationLandscapeLeft UIInterfaceOrientationLandscapeRight";
				INFOPLIST_KEY_UISupportedInterfaceOrientations_iPhone = "UIInterfaceOrientationPortrait UIInterfaceOrientationLandscapeLeft UIInterfaceOrientationLandscapeRight";
				IPHONEOS_DEPLOYMENT_TARGET = 14.0;
				LD_RUNPATH_SEARCH_PATHS = (
					"$(inherited)",
					"@executable_path/Frameworks",
				);
				MARKETING_VERSION = 1.0;
				PRODUCT_BUNDLE_IDENTIFIER = com.rgeiss.ProjetoJetta;
				PRODUCT_NAME = "$(TARGET_NAME)";
				SWIFT_EMIT_LOC_STRINGS = YES;
				SWIFT_VERSION = 5.0;
				TARGETED_DEVICE_FAMILY = "1,2";
			};
			name = Debug;
		};
		E1BDC61E2A0DA7A000F71A08 /* Release */ = {
			isa = XCBuildConfiguration;
			buildSettings = {
				ASSETCATALOG_COMPILER_APPICON_NAME = AppIcon;
				ASSETCATALOG_COMPILER_GLOBAL_ACCENT_COLOR_NAME = AccentColor;
				CODE_SIGN_STYLE = Automatic;
				CURRENT_PROJECT_VERSION = 1;
				DEVELOPMENT_ASSET_PATHS = "\"ProjetoJetta/Preview Content\"";
				DEVELOPMENT_TEAM = 4DLN7FPJ74;
				ENABLE_PREVIEWS = YES;
				GENERATE_INFOPLIST_FILE = YES;
				INFOPLIST_KEY_UIApplicationSceneManifest_Generation = YES;
				INFOPLIST_KEY_UIApplicationSupportsIndirectInputEvents = YES;
				INFOPLIST_KEY_UILaunchScreen_Generation = YES;
				INFOPLIST_KEY_UISupportedInterfaceOrientations_iPad = "UIInterfaceOrientationPortrait UIInterfaceOrientationPortraitUpsideDown UIInterfaceOrientationLandscapeLeft UIInterfaceOrientationLandscapeRight";
				INFOPLIST_KEY_UISupportedInterfaceOrientations_iPhone = "UIInterfaceOrientationPortrait UIInterfaceOrientationLandscapeLeft UIInterfaceOrientationLandscapeRight";
				IPHONEOS_DEPLOYMENT_TARGET = 14.0;
				LD_RUNPATH_SEARCH_PATHS = (
					"$(inherited)",
					"@executable_path/Frameworks",
				);
				MARKETING_VERSION = 1.0;
				PRODUCT_BUNDLE_IDENTIFIER = com.rgeiss.ProjetoJetta;
				PRODUCT_NAME = "$(TARGET_NAME)";
				SWIFT_EMIT_LOC_STRINGS = YES;
				SWIFT_VERSION = 5.0;
				TARGETED_DEVICE_FAMILY = "1,2";
			};
			name = Release;
		};
/* End XCBuildConfiguration section */

/* Begin XCConfigurationList section */
		E1BDC6092A0DA79F00F71A08 /* Build configuration list for PBXProject "ProjetoJetta" */ = {
			isa = XCConfigurationList;
			buildConfigurations = (
				E1BDC61A2A0DA7A000F71A08 /* Debug */,
				E1BDC61B2A0DA7A000F71A08 /* Release */,
			);
			defaultConfigurationIsVisible = 0;
			defaultConfigurationName = Release;
		};
		E1BDC61C2A0DA7A000F71A08 /* Build configuration list for PBXNativeTarget "ProjetoJetta" */ = {
			isa = XCConfigurationList;
			buildConfigurations = (
				E1BDC61D2A0DA7A000F71A08 /* Debug */,
				E1BDC61E2A0DA7A000F71A08 /* Release */,
			);
			defaultConfigurationIsVisible = 0;
			defaultConfigurationName = Release;
		};
/* End XCConfigurationList section */

/* Begin XCRemoteSwiftPackageReference section */
		E1BDC62C2A0DB1A300F71A08 /* XCRemoteSwiftPackageReference "UIPilot" */ = {
			isa = XCRemoteSwiftPackageReference;
			repositoryURL = "https://github.com/canopas/UIPilot.git";
			requirement = {
				kind = upToNextMajorVersion;
				minimumVersion = 2.0.0;
			};
		};
		E1BDC6542A1125B200F71A08 /* XCRemoteSwiftPackageReference "realm-swift" */ = {
			isa = XCRemoteSwiftPackageReference;
			repositoryURL = "https://github.com/realm/realm-swift.git";
			requirement = {
				branch = master;
				kind = branch;
			};
		};
		E1BDC6732A16E79F00F71A08 /* XCRemoteSwiftPackageReference "SwiftUIFormValidator" */ = {
			isa = XCRemoteSwiftPackageReference;
			repositoryURL = "https://github.com/Open-Bytes/SwiftUIFormValidator.git";
			requirement = {
				kind = upToNextMajorVersion;
				minimumVersion = 1.0.0;
			};
		};
/* End XCRemoteSwiftPackageReference section */

/* Begin XCSwiftPackageProductDependency section */
		E1BDC62D2A0DB1A300F71A08 /* UIPilot */ = {
			isa = XCSwiftPackageProductDependency;
			package = E1BDC62C2A0DB1A300F71A08 /* XCRemoteSwiftPackageReference "UIPilot" */;
			productName = UIPilot;
		};
		E1BDC6552A1125B200F71A08 /* Realm */ = {
			isa = XCSwiftPackageProductDependency;
			package = E1BDC6542A1125B200F71A08 /* XCRemoteSwiftPackageReference "realm-swift" */;
			productName = Realm;
		};
		E1BDC6572A1125B200F71A08 /* RealmSwift */ = {
			isa = XCSwiftPackageProductDependency;
			package = E1BDC6542A1125B200F71A08 /* XCRemoteSwiftPackageReference "realm-swift" */;
			productName = RealmSwift;
		};
		E1BDC6742A16E79F00F71A08 /* FormValidator */ = {
			isa = XCSwiftPackageProductDependency;
			package = E1BDC6732A16E79F00F71A08 /* XCRemoteSwiftPackageReference "SwiftUIFormValidator" */;
			productName = FormValidator;
		};
/* End XCSwiftPackageProductDependency section */
	};
	rootObject = E1BDC6062A0DA79F00F71A08 /* Project object */;
}
